
Microsoft Visual Studio Solution File, Format Version 12.00
# Visual Studio Version 17
VisualStudioVersion = 17.0.31808.319
MinimumVisualStudioVersion = 10.0.40219.1
Project("{9A19103F-16F7-4668-BE54-9A1E7A4F7556}") = "Meraki.Api", "Meraki.Api\Meraki.Api.csproj", "{6F7224AA-58BA-4C3C-8FE6-0A1F64439EF6}"
EndProject
Project("{2150E333-8FDC-42A3-9474-1A3956D46DE8}") = "Solution Items", "Solution Items", "{21D39EEC-0E3D-47F2-9721-8A2B43DE1707}"
	ProjectSection(SolutionItems) = preProject
		.editorconfig = .editorconfig
		.gitignore = .gitignore
		global.json = global.json
		LICENSE = LICENSE
		Meraki.Api.sln.vsspell = Meraki.Api.sln.vsspell
		README.md = README.md
		version.json = version.json
	EndProjectSection
EndProject
Project("{9A19103F-16F7-4668-BE54-9A1E7A4F7556}") = "Meraki.Api.Test", "Meraki.Api.Test\Meraki.Api.Test.csproj", "{97565AC6-236D-42E9-8F17-CA459B52CE8F}"
EndProject
Project("{9A19103F-16F7-4668-BE54-9A1E7A4F7556}") = "Meraki.ApiChecker", "Meraki.ApiChecker\Meraki.ApiChecker.csproj", "{C5483390-0EA1-446F-929E-9E59905F09C1}"
EndProject
Project("{9A19103F-16F7-4668-BE54-9A1E7A4F7556}") = "RefitClassSourceGenerator", "RefitClassSourceGenerator\RefitClassSourceGenerator.csproj", "{262F4864-47EF-4B3B-BFBB-D9C374A542DB}"
EndProject
Project("{FAE04EC0-301F-11D3-BF4B-00C04F79EFBC}") = "RefitClassSourceGeneratorApp", "RefitClassSourceGeneratorApp\RefitClassSourceGeneratorApp.csproj", "{65B8BB4B-0C6A-4257-8D87-6F2275C4B3A7}"
EndProject
Global
	GlobalSection(SolutionConfigurationPlatforms) = preSolution
		Debug|Any CPU = Debug|Any CPU
		Release|Any CPU = Release|Any CPU
	EndGlobalSection
	GlobalSection(ProjectConfigurationPlatforms) = postSolution
		{6F7224AA-58BA-4C3C-8FE6-0A1F64439EF6}.Debug|Any CPU.ActiveCfg = Debug|Any CPU
		{6F7224AA-58BA-4C3C-8FE6-0A1F64439EF6}.Debug|Any CPU.Build.0 = Debug|Any CPU
		{6F7224AA-58BA-4C3C-8FE6-0A1F64439EF6}.Release|Any CPU.ActiveCfg = Release|Any CPU
		{6F7224AA-58BA-4C3C-8FE6-0A1F64439EF6}.Release|Any CPU.Build.0 = Release|Any CPU
		{97565AC6-236D-42E9-8F17-CA459B52CE8F}.Debug|Any CPU.ActiveCfg = Debug|Any CPU
		{97565AC6-236D-42E9-8F17-CA459B52CE8F}.Debug|Any CPU.Build.0 = Debug|Any CPU
		{97565AC6-236D-42E9-8F17-CA459B52CE8F}.Release|Any CPU.ActiveCfg = Release|Any CPU
		{97565AC6-236D-42E9-8F17-CA459B52CE8F}.Release|Any CPU.Build.0 = Release|Any CPU
		{C5483390-0EA1-446F-929E-9E59905F09C1}.Debug|Any CPU.ActiveCfg = Debug|Any CPU
		{C5483390-0EA1-446F-929E-9E59905F09C1}.Debug|Any CPU.Build.0 = Debug|Any CPU
		{C5483390-0EA1-446F-929E-9E59905F09C1}.Release|Any CPU.ActiveCfg = Release|Any CPU
		{C5483390-0EA1-446F-929E-9E59905F09C1}.Release|Any CPU.Build.0 = Release|Any CPU
		{262F4864-47EF-4B3B-BFBB-D9C374A542DB}.Debug|Any CPU.ActiveCfg = Debug|Any CPU
		{262F4864-47EF-4B3B-BFBB-D9C374A542DB}.Debug|Any CPU.Build.0 = Debug|Any CPU
		{262F4864-47EF-4B3B-BFBB-D9C374A542DB}.Release|Any CPU.ActiveCfg = Release|Any CPU
		{262F4864-47EF-4B3B-BFBB-D9C374A542DB}.Release|Any CPU.Build.0 = Release|Any CPU
		{65B8BB4B-0C6A-4257-8D87-6F2275C4B3A7}.Debug|Any CPU.ActiveCfg = Debug|Any CPU
		{65B8BB4B-0C6A-4257-8D87-6F2275C4B3A7}.Debug|Any CPU.Build.0 = Debug|Any CPU
		{65B8BB4B-0C6A-4257-8D87-6F2275C4B3A7}.Release|Any CPU.ActiveCfg = Release|Any CPU
		{65B8BB4B-0C6A-4257-8D87-6F2275C4B3A7}.Release|Any CPU.Build.0 = Release|Any CPU
	EndGlobalSection
	GlobalSection(SolutionProperties) = preSolution
		HideSolutionNode = FALSE
	EndGlobalSection
	GlobalSection(ExtensibilityGlobals) = postSolution
		SolutionGuid = {5F6B83CD-B4FA-4448-A6B6-2794DBDB2439}
	EndGlobalSection
EndGlobal
